
Microsoft Visual Studio Solution File, Format Version 12.00
# Visual Studio Version 17
VisualStudioVersion = 17.4.33205.214
MinimumVisualStudioVersion = 10.0.40219.1
Project("{FAE04EC0-301F-11D3-BF4B-00C04F79EFBC}") = "Lab 1", "Lab 1\Lab 1.csproj", "{968CF927-56D8-4A6C-AE63-88345639D449}"
EndProject
Project("{FAE04EC0-301F-11D3-BF4B-00C04F79EFBC}") = "onnx_manager", "onnx_manager\onnx_manager.csproj", "{6906B2A4-CA8D-4921-B5A0-4F29603B2898}"
EndProject
Global
	GlobalSection(SolutionConfigurationPlatforms) = preSolution
		Debug|Any CPU = Debug|Any CPU
		Release|Any CPU = Release|Any CPU
	EndGlobalSection
	GlobalSection(ProjectConfigurationPlatforms) = postSolution
		{968CF927-56D8-4A6C-AE63-88345639D449}.Debug|Any CPU.ActiveCfg = Debug|Any CPU
		{968CF927-56D8-4A6C-AE63-88345639D449}.Debug|Any CPU.Build.0 = Debug|Any CPU
		{968CF927-56D8-4A6C-AE63-88345639D449}.Release|Any CPU.ActiveCfg = Release|Any CPU
		{968CF927-56D8-4A6C-AE63-88345639D449}.Release|Any CPU.Build.0 = Release|Any CPU
		{6906B2A4-CA8D-4921-B5A0-4F29603B2898}.Debug|Any CPU.ActiveCfg = Debug|Any CPU
		{6906B2A4-CA8D-4921-B5A0-4F29603B2898}.Debug|Any CPU.Build.0 = Debug|Any CPU
		{6906B2A4-CA8D-4921-B5A0-4F29603B2898}.Release|Any CPU.ActiveCfg = Release|Any CPU
		{6906B2A4-CA8D-4921-B5A0-4F29603B2898}.Release|Any CPU.Build.0 = Release|Any CPU
	EndGlobalSection
	GlobalSection(SolutionProperties) = preSolution
		HideSolutionNode = FALSE
	EndGlobalSection
	GlobalSection(ExtensibilityGlobals) = postSolution
		SolutionGuid = {3ADC144D-3786-4E42-9248-35340A10C661}
	EndGlobalSection
EndGlobal
